lockfileVersion: '9.0'

settings:
  autoInstallPeers: true
  excludeLinksFromLockfile: false

importers:

  .:
    dependencies:
      uuid-by-string:
        specifier: ^4.0.0
        version: 4.0.0

packages:

  js-md5@0.7.3:
    resolution: {integrity: sha512-ZC41vPSTLKGwIRjqDh8DfXoCrdQIyBgspJVPXHBGu4nZlAEvG3nf+jO9avM9RmLiGakg7vz974ms99nEV0tmTQ==}

  js-sha1@0.6.0:
    resolution: {integrity: sha512-01gwBFreYydzmU9BmZxpVk6svJJHrVxEN3IOiGl6VO93bVKYETJ0sIth6DASI6mIFdt7NmfX9UiByRzsYHGU9w==}

  uuid-by-string@4.0.0:
    resolution: {integrity: sha512-88ZSfcSkN04juiLqSsuyteqlSrXNFdsEPzSv3urnElDXNsZUXQN0smeTnh99x2DE15SCUQNgqKBfro54CuzHNQ==}

snapshots:

  js-md5@0.7.3: {}

  js-sha1@0.6.0: {}

  uuid-by-string@4.0.0:
    dependencies:
      js-md5: 0.7.3
      js-sha1: 0.6.0
